github.com/adityatelange/hugo-PaperMod v0.0.0-20250420061623-7cf752f8644f h1:s6+Tuz5MfExpI7A7tELrc92d0nk0578HNXq/fgq7gbY=
github.com/adityatelange/hugo-PaperMod v0.0.0-20250420061623-7cf752f8644f/go.mod h1:HCHxNMKYdGafUYjVV3ICiAqznZK2yH0iI53jqcDFDdQ=
github.com/adityatelange/hugo-PaperMod v0.0.0-20260426114513-e45768519855 h1:lJUQH4HencrazyLYZjhyQQpLBTuUoa4SgG1esz6X1XU=
github.com/adityatelange/hugo-PaperMod v0.0.0-20260426114513-e45768519855/go.mod h1:sp5WH671pzcVNpWKveBQKlBfu6T9uvcBI/4B3BSojKw=
github.com/naturalcrit/homebrewery v3.21.0+incompatible h1:Qn3iK0Zm8intd5t2sQeHELkZJmDtAnoVwnJhsYwAS0I=
github.com/naturalcrit/homebrewery v3.21.0+incompatible/go.mod h1:/i4yqADFUW7e+mLkyZATW3gBsSOdxcNmOrTA1lI1/IQ=
github.com/tnarik/hugo-homebrewery-theme_props v0.0.0-20251101103133-4cc9f4ff89e0 h1:J9bU+5dg6pahTd6XOXCHYx9aYbIUe6pqJd67M8bA1BA=
github.com/tnarik/hugo-homebrewery-theme_props v0.0.0-20251101103133-4cc9f4ff89e0/go.mod h1:+L9ioRF9jvb54jusYo93hJezTlbrz0M10MlroMZ9Y8I=
